
Microsoft Visual Studio Solution File, Format Version 12.00
# Visual Studio Version 16
VisualStudioVersion = 16.0.34407.143
MinimumVisualStudioVersion = 10.0.40219.1
Project("{FAE04EC0-301F-11D3-BF4B-00C04F79EFBC}") = "Task", "Task\Task.csproj", "{826251CA-4A20-4A35-848D-E3F426637E3E}"
EndProject
Global
	GlobalSection(SolutionConfigurationPlatforms) = preSolution
		Debug|Any CPU = Debug|Any CPU
		Release|Any CPU = Release|Any CPU
	EndGlobalSection
	GlobalSection(ProjectConfigurationPlatforms) = postSolution
		{826251CA-4A20-4A35-848D-E3F426637E3E}.Debug|Any CPU.ActiveCfg = Debug|Any CPU
		{826251CA-4A20-4A35-848D-E3F426637E3E}.Debug|Any CPU.Build.0 = Debug|Any CPU
		{826251CA-4A20-4A35-848D-E3F426637E3E}.Release|Any CPU.ActiveCfg = Release|Any CPU
		{826251CA-4A20-4A35-848D-E3F426637E3E}.Release|Any CPU.Build.0 = Release|Any CPU
	EndGlobalSection
	GlobalSection(SolutionProperties) = preSolution
		HideSolutionNode = FALSE
	EndGlobalSection
	GlobalSection(ExtensibilityGlobals) = postSolution
		SolutionGuid = {BE05499D-1547-4B8F-973F-D6B300D7084D}
	EndGlobalSection
EndGlobal
